{
  "name": "@ucd-lib/theme-elements",
  "version": "0.0.1",
  "lockfileVersion": 2,
  "requires": true,
  "packages": {
    "": {
      "name": "@ucd-lib/theme-elements",
      "version": "0.0.1",
      "license": "MIT",
      "dependencies": {
        "@ucd-lib/theme-sass": "^5.0.1"
      }
    },
    "node_modules/@ucd-lib/theme-sass": {
      "version": "5.0.1",
      "resolved": "https://registry.npmjs.org/@ucd-lib/theme-sass/-/theme-sass-5.0.1.tgz",
      "integrity": "sha512-pPAh5QSMWCK6c2XazwIx26jgt4VnQ2qcPJ3ziqzgvkcVeFUKRRHpVAQfFkU6T6YWYHlD1Ab0c0dNvdbaRIfbgw=="
    }
  },
  "dependencies": {
    "@ucd-lib/theme-sass": {
      "version": "5.0.1",
      "resolved": "https://registry.npmjs.org/@ucd-lib/theme-sass/-/theme-sass-5.0.1.tgz",
      "integrity": "sha512-pPAh5QSMWCK6c2XazwIx26jgt4VnQ2qcPJ3ziqzgvkcVeFUKRRHpVAQfFkU6T6YWYHlD1Ab0c0dNvdbaRIfbgw=="
    }
  }
}
